// !$*UTF8*$!
{
	archiveVersion = 1;
	classes = {
	};
	objectVersion = 46;
	objects = {

/* Begin PBXBuildFile section */
		A6FBFC9A1845D574004D297B /* Foundation.framework in Frameworks */ = {isa = PBXBuildFile; fileRef = A6FBFC991845D574004D297B /* Foundation.framework */; };
		A6FBFC9C1845D574004D297B /* CoreGraphics.framework in Frameworks */ = {isa = PBXBuildFile; fileRef = A6FBFC9B1845D574004D297B /* CoreGraphics.framework */; };
		A6FBFC9E1845D574004D297B /* UIKit.framework in Frameworks */ = {isa = PBXBuildFile; fileRef = A6FBFC9D1845D574004D297B /* UIKit.framework */; };
		A6FBFCA41845D574004D297B /* InfoPlist.strings in Resources */ = {isa = PBXBuildFile; fileRef = A6FBFCA21845D574004D297B /* InfoPlist.strings */; };
		A6FBFCA61845D574004D297B /* main.m in Sources */ = {isa = PBXBuildFile; fileRef = A6FBFCA51845D574004D297B /* main.m */; };
		A6FBFCAA1845D574004D297B /* AppDelegate.m in Sources */ = {isa = PBXBuildFile; fileRef = A6FBFCA91845D574004D297B /* AppDelegate.m */; };
		A6FBFCAD1845D574004D297B /* Main.storyboard in Resources */ = {isa = PBXBuildFile; fileRef = A6FBFCAB1845D574004D297B /* Main.storyboard */; };
		A6FBFCB01845D574004D297B /* ViewController.m in Sources */ = {isa = PBXBuildFile; fileRef = A6FBFCAF1845D574004D297B /* ViewController.m */; };
		A6FBFCB21845D574004D297B /* Images.xcassets in Resources */ = {isa = PBXBuildFile; fileRef = A6FBFCB11845D574004D297B /* Images.xcassets */; };
		A6FBFCB91845D574004D297B /* XCTest.framework in Frameworks */ = {isa = PBXBuildFile; fileRef = A6FBFCB81845D574004D297B /* XCTest.framework */; };
		A6FBFCBA1845D574004D297B /* Foundation.framework in Frameworks */ = {isa = PBXBuildFile; fileRef = A6FBFC991845D574004D297B /* Foundation.framework */; };
		A6FBFCBB1845D574004D297B /* UIKit.framework in Frameworks */ = {isa = PBXBuildFile; fileRef = A6FBFC9D1845D574004D297B /* UIKit.framework */; };
		A6FBFCC31845D574004D297B /* InfoPlist.strings in Resources */ = {isa = PBXBuildFile; fileRef = A6FBFCC11845D574004D297B /* InfoPlist.strings */; };
		A6FBFCC51845D574004D297B /* CaptureScreenDemoTests.m in Sources */ = {isa = PBXBuildFile; fileRef = A6FBFCC41845D574004D297B /* CaptureScreenDemoTests.m */; };
/* End PBXBuildFile section */

/* Begin PBXContainerItemProxy section */
		A6FBFCBC1845D574004D297B /* PBXContainerItemProxy */ = {
			isa = PBXContainerItemProxy;
			containerPortal = A6FBFC8E1845D574004D297B /* Project object */;
			proxyType = 1;
			remoteGlobalIDString = A6FBFC951845D574004D297B;
			remoteInfo = CaptureScreenDemo;
		};
/* End PBXContainerItemProxy section */

/* Begin PBXFileReference section */
		A6FBFC961845D574004D297B /* CaptureScreenDemo.app */ = {isa = PBXFileReference; explicitFileType = wrapper.application; includeInIndex = 0; path = CaptureScreenDemo.app; sourceTree = BUILT_PRODUCTS_DIR; };
		A6FBFC991845D574004D297B /* Foundation.framework */ = {isa = PBXFileReference; lastKnownFileType = wrapper.framework; name = Foundation.framework; path = System/Library/Frameworks/Foundation.framework; sourceTree = SDKROOT; };
		A6FBFC9B1845D574004D297B /* CoreGraphics.framework */ = {isa = PBXFileReference; lastKnownFileType = wrapper.framework; name = CoreGraphics.framework; path = System/Library/Frameworks/CoreGraphics.framework; sourceTree = SDKROOT; };
		A6FBFC9D1845D574004D297B /* UIKit.framework */ = {isa = PBXFileReference; lastKnownFileType = wrapper.framework; name = UIKit.framework; path = System/Library/Frameworks/UIKit.framework; sourceTree = SDKROOT; };
		A6FBFCA11845D574004D297B /* CaptureScreenDemo-Info.plist */ = {isa = PBXFileReference; lastKnownFileType = text.plist.xml; path = "CaptureScreenDemo-Info.plist"; sourceTree = "<group>"; };
		A6FBFCA31845D574004D297B /* en */ = {isa = PBXFileReference; lastKnownFileType = text.plist.strings; name = en; path = en.lproj/InfoPlist.strings; sourceTree = "<group>"; };
		A6FBFCA51845D574004D297B /* main.m */ = {isa = PBXFileReference; lastKnownFileType = sourcecode.c.objc; path = main.m; sourceTree = "<group>"; };
		A6FBFCA71845D574004D297B /* CaptureScreenDemo-Prefix.pch */ = {isa = PBXFileReference; lastKnownFileType = sourcecode.c.h; path = "CaptureScreenDemo-Prefix.pch"; sourceTree = "<group>"; };
		A6FBFCA81845D574004D297B /* AppDelegate.h */ = {isa = PBXFileReference; lastKnownFileType = sourcecode.c.h; path = AppDelegate.h; sourceTree = "<group>"; };
		A6FBFCA91845D574004D297B /* AppDelegate.m */ = {isa = PBXFileReference; lastKnownFileType = sourcecode.c.objc; path = AppDelegate.m; sourceTree = "<group>"; };
		A6FBFCAC1845D574004D297B /* Base */ = {isa = PBXFileReference; lastKnownFileType = file.storyboard; name = Base; path = Base.lproj/Main.storyboard; sourceTree = "<group>"; };
		A6FBFCAE1845D574004D297B /* ViewController.h */ = {isa = PBXFileReference; lastKnownFileType = sourcecode.c.h; path = ViewController.h; sourceTree = "<group>"; };
		A6FBFCAF1845D574004D297B /* ViewController.m */ = {isa = PBXFileReference; lastKnownFileType = sourcecode.c.objc; path = ViewController.m; sourceTree = "<group>"; };
		A6FBFCB11845D574004D297B /* Images.xcassets */ = {isa = PBXFileReference; lastKnownFileType = folder.assetcatalog; path = Images.xcassets; sourceTree = "<group>"; };
		A6FBFCB71845D574004D297B /* CaptureScreenDemoTests.xctest */ = {isa = PBXFileReference; explicitFileType = wrapper.cfbundle; includeInIndex = 0; path = CaptureScreenDemoTests.xctest; sourceTree = BUILT_PRODUCTS_DIR; };
		A6FBFCB81845D574004D297B /* XCTest.framework */ = {isa = PBXFileReference; lastKnownFileType = wrapper.framework; name = XCTest.framework; path = Library/Frameworks/XCTest.framework; sourceTree = DEVELOPER_DIR; };
		A6FBFCC01845D574004D297B /* CaptureScreenDemoTests-Info.plist */ = {isa = PBXFileReference; lastKnownFileType = text.plist.xml; path = "CaptureScreenDemoTests-Info.plist"; sourceTree = "<group>"; };
		A6FBFCC21845D574004D297B /* en */ = {isa = PBXFileReference; lastKnownFileType = text.plist.strings; name = en; path = en.lproj/InfoPlist.strings; sourceTree = "<group>"; };
		A6FBFCC41845D574004D297B /* CaptureScreenDemoTests.m */ = {isa = PBXFileReference; lastKnownFileType = sourcecode.c.objc; path = CaptureScreenDemoTests.m; sourceTree = "<group>"; };
/* End PBXFileReference section */

/* Begin PBXFrameworksBuildPhase section */
		A6FBFC931845D574004D297B /* Frameworks */ = {
			isa = PBXFrameworksBuildPhase;
			buildActionMask = 2147483647;
			files = (
				A6FBFC9C1845D574004D297B /* CoreGraphics.framework in Frameworks */,
				A6FBFC9E1845D574004D297B /* UIKit.framework in Frameworks */,
				A6FBFC9A1845D574004D297B /* Foundation.framework in Frameworks */,
			);
			runOnlyForDeploymentPostprocessing = 0;
		};
		A6FBFCB41845D574004D297B /* Frameworks */ = {
			isa = PBXFrameworksBuildPhase;
			buildActionMask = 2147483647;
			files = (
				A6FBFCB91845D574004D297B /* XCTest.framework in Frameworks */,
				A6FBFCBB1845D574004D297B /* UIKit.framework in Frameworks */,
				A6FBFCBA1845D574004D297B /* Foundation.framework in Frameworks */,
			);
			runOnlyForDeploymentPostprocessing = 0;
		};
/* End PBXFrameworksBuildPhase section */

/* Begin PBXGroup section */
		A6FBFC8D1845D574004D297B = {
			isa = PBXGroup;
			children = (
				A6FBFC9F1845D574004D297B /* CaptureScreenDemo */,
				A6FBFCBE1845D574004D297B /* CaptureScreenDemoTests */,
				A6FBFC981845D574004D297B /* Frameworks */,
				A6FBFC971845D574004D297B /* Products */,
			);
			sourceTree = "<group>";
		};
		A6FBFC971845D574004D297B /* Products */ = {
			isa = PBXGroup;
			children = (
				A6FBFC961845D574004D297B /* CaptureScreenDemo.app */,
				A6FBFCB71845D574004D297B /* CaptureScreenDemoTests.xctest */,
			);
			name = Products;
			sourceTree = "<group>";
		};
		A6FBFC981845D574004D297B /* Frameworks */ = {
			isa = PBXGroup;
			children = (
				A6FBFC991845D574004D297B /* Foundation.framework */,
				A6FBFC9B1845D574004D297B /* CoreGraphics.framework */,
				A6FBFC9D1845D574004D297B /* UIKit.framework */,
				A6FBFCB81845D574004D297B /* XCTest.framework */,
			);
			name = Frameworks;
			sourceTree = "<group>";
		};
		A6FBFC9F1845D574004D297B /* CaptureScreenDemo */ = {
			isa = PBXGroup;
			children = (
				A6FBFCA81845D574004D297B /* AppDelegate.h */,
				A6FBFCA91845D574004D297B /* AppDelegate.m */,
				A6FBFCAB1845D574004D297B /* Main.storyboard */,
				A6FBFCAE1845D574004D297B /* ViewController.h */,
				A6FBFCAF1845D574004D297B /* ViewController.m */,
				A6FBFCB11845D574004D297B /* Images.xcassets */,
				A6FBFCA01845D574004D297B /* Supporting Files */,
			);
			path = CaptureScreenDemo;
			sourceTree = "<group>";
		};
		A6FBFCA01845D574004D297B /* Supporting Files */ = {
			isa = PBXGroup;
			children = (
				A6FBFCA11845D574004D297B /* CaptureScreenDemo-Info.plist */,
				A6FBFCA21845D574004D297B /* InfoPlist.strings */,
				A6FBFCA51845D574004D297B /* main.m */,
				A6FBFCA71845D574004D297B /* CaptureScreenDemo-Prefix.pch */,
			);
			name = "Supporting Files";
			sourceTree = "<group>";
		};
		A6FBFCBE1845D574004D297B /* CaptureScreenDemoTests */ = {
			isa = PBXGroup;
			children = (
				A6FBFCC41845D574004D297B /* CaptureScreenDemoTests.m */,
				A6FBFCBF1845D574004D297B /* Supporting Files */,
			);
			path = CaptureScreenDemoTests;
			sourceTree = "<group>";
		};
		A6FBFCBF1845D574004D297B /* Supporting Files */ = {
			isa = PBXGroup;
			children = (
				A6FBFCC01845D574004D297B /* CaptureScreenDemoTests-Info.plist */,
				A6FBFCC11845D574004D297B /* InfoPlist.strings */,
			);
			name = "Supporting Files";
			sourceTree = "<group>";
		};
/* End PBXGroup section */

/* Begin PBXNativeTarget section */
		A6FBFC951845D574004D297B /* CaptureScreenDemo */ = {
			isa = PBXNativeTarget;
			buildConfigurationList = A6FBFCC81845D574004D297B /* Build configuration list for PBXNativeTarget "CaptureScreenDemo" */;
			buildPhases = (
				A6FBFC921845D574004D297B /* Sources */,
				A6FBFC931845D574004D297B /* Frameworks */,
				A6FBFC941845D574004D297B /* Resources */,
			);
			buildRules = (
			);
			dependencies = (
			);
			name = CaptureScreenDemo;
			productName = CaptureScreenDemo;
			productReference = A6FBFC961845D574004D297B /* CaptureScreenDemo.app */;
			productType = "com.apple.product-type.application";
		};
		A6FBFCB61845D574004D297B /* CaptureScreenDemoTests */ = {
			isa = PBXNativeTarget;
			buildConfigurationList = A6FBFCCB1845D574004D297B /* Build configuration list for PBXNativeTarget "CaptureScreenDemoTests" */;
			buildPhases = (
				A6FBFCB31845D574004D297B /* Sources */,
				A6FBFCB41845D574004D297B /* Frameworks */,
				A6FBFCB51845D574004D297B /* Resources */,
			);
			buildRules = (
			);
			dependencies = (
				A6FBFCBD1845D574004D297B /* PBXTargetDependency */,
			);
			name = CaptureScreenDemoTests;
			productName = CaptureScreenDemoTests;
			productReference = A6FBFCB71845D574004D297B /* CaptureScreenDemoTests.xctest */;
			productType = "com.apple.product-type.bundle.unit-test";
		};
/* End PBXNativeTarget section */

/* Begin PBXProject section */
		A6FBFC8E1845D574004D297B /* Project object */ = {
			isa = PBXProject;
			attributes = {
				LastUpgradeCheck = 0500;
				ORGANIZATIONNAME = "Peter Pan";
				TargetAttributes = {
					A6FBFCB61845D574004D297B = {
						TestTargetID = A6FBFC951845D574004D297B;
					};
				};
			};
			buildConfigurationList = A6FBFC911845D574004D297B /* Build configuration list for PBXProject "CaptureScreenDemo" */;
			compatibilityVersion = "Xcode 3.2";
			developmentRegion = English;
			hasScannedForEncodings = 0;
			knownRegions = (
				en,
				Base,
			);
			mainGroup = A6FBFC8D1845D574004D297B;
			productRefGroup = A6FBFC971845D574004D297B /* Products */;
			projectDirPath = "";
			projectRoot = "";
			targets = (
				A6FBFC951845D574004D297B /* CaptureScreenDemo */,
				A6FBFCB61845D574004D297B /* CaptureScreenDemoTests */,
			);
		};
/* End PBXProject section */

/* Begin PBXResourcesBuildPhase section */
		A6FBFC941845D574004D297B /* Resources */ = {
			isa = PBXResourcesBuildPhase;
			buildActionMask = 2147483647;
			files = (
				A6FBFCB21845D574004D297B /* Images.xcassets in Resources */,
				A6FBFCA41845D574004D297B /* InfoPlist.strings in Resources */,
				A6FBFCAD1845D574004D297B /* Main.storyboard in Resources */,
			);
			runOnlyForDeploymentPostprocessing = 0;
		};
		A6FBFCB51845D574004D297B /* Resources */ = {
			isa = PBXResourcesBuildPhase;
			buildActionMask = 2147483647;
			files = (
				A6FBFCC31845D574004D297B /* InfoPlist.strings in Resources */,
			);
			runOnlyForDeploymentPostprocessing = 0;
		};
/* End PBXResourcesBuildPhase section */

/* Begin PBXSourcesBuildPhase section */
		A6FBFC921845D574004D297B /* Sources */ = {
			isa = PBXSourcesBuildPhase;
			buildActionMask = 2147483647;
			files = (
				A6FBFCB01845D574004D297B /* ViewController.m in Sources */,
				A6FBFCAA1845D574004D297B /* AppDelegate.m in Sources */,
				A6FBFCA61845D574004D297B /* main.m in Sources */,
			);
			runOnlyForDeploymentPostprocessing = 0;
		};
		A6FBFCB31845D574004D297B /* Sources */ = {
			isa = PBXSourcesBuildPhase;
			buildActionMask = 2147483647;
			files = (
				A6FBFCC51845D574004D297B /* CaptureScreenDemoTests.m in Sources */,
			);
			runOnlyForDeploymentPostprocessing = 0;
		};
/* End PBXSourcesBuildPhase section */

/* Begin PBXTargetDependency section */
		A6FBFCBD1845D574004D297B /* PBXTargetDependency */ = {
			isa = PBXTargetDependency;
			target = A6FBFC951845D574004D297B /* CaptureScreenDemo */;
			targetProxy = A6FBFCBC1845D574004D297B /* PBXContainerItemProxy */;
		};
/* End PBXTargetDependency section */

/* Begin PBXVariantGroup section */
		A6FBFCA21845D574004D297B /* InfoPlist.strings */ = {
			isa = PBXVariantGroup;
			children = (
				A6FBFCA31845D574004D297B /* en */,
			);
			name = InfoPlist.strings;
			sourceTree = "<group>";
		};
		A6FBFCAB1845D574004D297B /* Main.storyboard */ = {
			isa = PBXVariantGroup;
			children = (
				A6FBFCAC1845D574004D297B /* Base */,
			);
			name = Main.storyboard;
			sourceTree = "<group>";
		};
		A6FBFCC11845D574004D297B /* InfoPlist.strings */ = {
			isa = PBXVariantGroup;
			children = (
				A6FBFCC21845D574004D297B /* en */,
			);
			name = InfoPlist.strings;
			sourceTree = "<group>";
		};
/* End PBXVariantGroup section */

/* Begin XCBuildConfiguration section */
		A6FBFCC61845D574004D297B /* Debug */ = {
			isa = XCBuildConfiguration;
			buildSettings = {
				ALWAYS_SEARCH_USER_PATHS = NO;
				ARCHS = "$(ARCHS_STANDARD_INCLUDING_64_BIT)";
				CLANG_CXX_LANGUAGE_STANDARD = "gnu++0x";
				CLANG_CXX_LIBRARY = "libc++";
				CLANG_ENABLE_MODULES = YES;
				CLANG_ENABLE_OBJC_ARC = YES;
				CLANG_WARN_BOOL_CONVERSION = YES;
				CLANG_WARN_CONSTANT_CONVERSION = YES;
				CLANG_WARN_DIRECT_OBJC_ISA_USAGE = YES_ERROR;
				CLANG_WARN_EMPTY_BODY = YES;
				CLANG_WARN_ENUM_CONVERSION = YES;
				CLANG_WARN_INT_CONVERSION = YES;
				CLANG_WARN_OBJC_ROOT_CLASS = YES_ERROR;
				CLANG_WARN__DUPLICATE_METHOD_MATCH = YES;
				"CODE_SIGN_IDENTITY[sdk=iphoneos*]" = "iPhone Developer";
				COPY_PHASE_STRIP = NO;
				GCC_C_LANGUAGE_STANDARD = gnu99;
				GCC_DYNAMIC_NO_PIC = NO;
				GCC_OPTIMIZATION_LEVEL = 0;
				GCC_PREPROCESSOR_DEFINITIONS = (
					"DEBUG=1",
					"$(inherited)",
				);
				GCC_SYMBOLS_PRIVATE_EXTERN = NO;
				GCC_WARN_64_TO_32_BIT_CONVERSION = YES;
				GCC_WARN_ABOUT_RETURN_TYPE = YES_ERROR;
				GCC_WARN_UNDECLARED_SELECTOR = YES;
				GCC_WARN_UNINITIALIZED_AUTOS = YES;
				GCC_WARN_UNUSED_FUNCTION = YES;
				GCC_WARN_UNUSED_VARIABLE = YES;
				IPHONEOS_DEPLOYMENT_TARGET = 7.0;
				ONLY_ACTIVE_ARCH = YES;
				SDKROOT = iphoneos;
			};
			name = Debug;
		};
		A6FBFCC71845D574004D297B /* Release */ = {
			isa = XCBuildConfiguration;
			buildSettings = {
				ALWAYS_SEARCH_USER_PATHS = NO;
				ARCHS = "$(ARCHS_STANDARD_INCLUDING_64_BIT)";
				CLANG_CXX_LANGUAGE_STANDARD = "gnu++0x";
				CLANG_CXX_LIBRARY = "libc++";
				CLANG_ENABLE_MODULES = YES;
				CLANG_ENABLE_OBJC_ARC = YES;
				CLANG_WARN_BOOL_CONVERSION = YES;
				CLANG_WARN_CONSTANT_CONVERSION = YES;
				CLANG_WARN_DIRECT_OBJC_ISA_USAGE = YES_ERROR;
				CLANG_WARN_EMPTY_BODY = YES;
				CLANG_WARN_ENUM_CONVERSION = YES;
				CLANG_WARN_INT_CONVERSION = YES;
				CLANG_WARN_OBJC_ROOT_CLASS = YES_ERROR;
				CLANG_WARN__DUPLICATE_METHOD_MATCH = YES;
				"CODE_SIGN_IDENTITY[sdk=iphoneos*]" = "iPhone Developer";
				COPY_PHASE_STRIP = YES;
				ENABLE_NS_ASSERTIONS = NO;
				GCC_C_LANGUAGE_STANDARD = gnu99;
				GCC_WARN_64_TO_32_BIT_CONVERSION = YES;
				GCC_WARN_ABOUT_RETURN_TYPE = YES_ERROR;
				GCC_WARN_UNDECLARED_SELECTOR = YES;
				GCC_WARN_UNINITIALIZED_AUTOS = YES;
				GCC_WARN_UNUSED_FUNCTION = YES;
				GCC_WARN_UNUSED_VARIABLE = YES;
				IPHONEOS_DEPLOYMENT_TARGET = 7.0;
				SDKROOT = iphoneos;
				VALIDATE_PRODUCT = YES;
			};
			name = Release;
		};
		A6FBFCC91845D574004D297B /* Debug */ = {
			isa = XCBuildConfiguration;
			buildSettings = {
				ASSETCATALOG_COMPILER_APPICON_NAME = AppIcon;
				ASSETCATALOG_COMPILER_LAUNCHIMAGE_NAME = LaunchImage;
				GCC_PRECOMPILE_PREFIX_HEADER = YES;
				GCC_PREFIX_HEADER = "CaptureScreenDemo/CaptureScreenDemo-Prefix.pch";
				INFOPLIST_FILE = "CaptureScreenDemo/CaptureScreenDemo-Info.plist";
				PRODUCT_NAME = "$(TARGET_NAME)";
				WRAPPER_EXTENSION = app;
			};
			name = Debug;
		};
		A6FBFCCA1845D574004D297B /* Release */ = {
			isa = XCBuildConfiguration;
			buildSettings = {
				ASSETCATALOG_COMPILER_APPICON_NAME = AppIcon;
				ASSETCATALOG_COMPILER_LAUNCHIMAGE_NAME = LaunchImage;
				GCC_PRECOMPILE_PREFIX_HEADER = YES;
				GCC_PREFIX_HEADER = "CaptureScreenDemo/CaptureScreenDemo-Prefix.pch";
				INFOPLIST_FILE = "CaptureScreenDemo/CaptureScreenDemo-Info.plist";
				PRODUCT_NAME = "$(TARGET_NAME)";
				WRAPPER_EXTENSION = app;
			};
			name = Release;
		};
		A6FBFCCC1845D574004D297B /* Debug */ = {
			isa = XCBuildConfiguration;
			buildSettings = {
				ARCHS = "$(ARCHS_STANDARD_INCLUDING_64_BIT)";
				BUNDLE_LOADER = "$(BUILT_PRODUCTS_DIR)/CaptureScreenDemo.app/CaptureScreenDemo";
				FRAMEWORK_SEARCH_PATHS = (
					"$(SDKROOT)/Developer/Library/Frameworks",
					"$(inherited)",
					"$(DEVELOPER_FRAMEWORKS_DIR)",
				);
				GCC_PRECOMPILE_PREFIX_HEADER = YES;
				GCC_PREFIX_HEADER = "CaptureScreenDemo/CaptureScreenDemo-Prefix.pch";
				GCC_PREPROCESSOR_DEFINITIONS = (
					"DEBUG=1",
					"$(inherited)",
				);
				INFOPLIST_FILE = "CaptureScreenDemoTests/CaptureScreenDemoTests-Info.plist";
				PRODUCT_NAME = "$(TARGET_NAME)";
				TEST_HOST = "$(BUNDLE_LOADER)";
				WRAPPER_EXTENSION = xctest;
			};
			name = Debug;
		};
		A6FBFCCD1845D574004D297B /* Release */ = {
			isa = XCBuildConfiguration;
			buildSettings = {
				ARCHS = "$(ARCHS_STANDARD_INCLUDING_64_BIT)";
				BUNDLE_LOADER = "$(BUILT_PRODUCTS_DIR)/CaptureScreenDemo.app/CaptureScreenDemo";
				FRAMEWORK_SEARCH_PATHS = (
					"$(SDKROOT)/Developer/Library/Frameworks",
					"$(inherited)",
					"$(DEVELOPER_FRAMEWORKS_DIR)",
				);
				GCC_PRECOMPILE_PREFIX_HEADER = YES;
				GCC_PREFIX_HEADER = "CaptureScreenDemo/CaptureScreenDemo-Prefix.pch";
				INFOPLIST_FILE = "CaptureScreenDemoTests/CaptureScreenDemoTests-Info.plist";
				PRODUCT_NAME = "$(TARGET_NAME)";
				TEST_HOST = "$(BUNDLE_LOADER)";
				WRAPPER_EXTENSION = xctest;
			};
			name = Release;
		};
/* End XCBuildConfiguration section */

/* Begin XCConfigurationList section */
		A6FBFC911845D574004D297B /* Build configuration list for PBXProject "CaptureScreenDemo" */ = {
			isa = XCConfigurationList;
			buildConfigurations = (
				A6FBFCC61845D574004D297B /* Debug */,
				A6FBFCC71845D574004D297B /* Release */,
			);
			defaultConfigurationIsVisible = 0;
			defaultConfigurationName = Release;
		};
		A6FBFCC81845D574004D297B /* Build configuration list for PBXNativeTarget "CaptureScreenDemo" */ = {
			isa = XCConfigurationList;
			buildConfigurations = (
				A6FBFCC91845D574004D297B /* Debug */,
				A6FBFCCA1845D574004D297B /* Release */,
			);
			defaultConfigurationIsVisible = 0;
		};
		A6FBFCCB1845D574004D297B /* Build configuration list for PBXNativeTarget "CaptureScreenDemoTests" */ = {
			isa = XCConfigurationList;
			buildConfigurations = (
				A6FBFCCC1845D574004D297B /* Debug */,
				A6FBFCCD1845D574004D297B /* Release */,
			);
			defaultConfigurationIsVisible = 0;
		};
/* End XCConfigurationList section */
	};
	rootObject = A6FBFC8E1845D574004D297B /* Project object */;
}
